
Microsoft Visual Studio Solution File, Format Version 12.00
# Visual Studio Version 16
VisualStudioVersion = 16.0.31112.23
MinimumVisualStudioVersion = 10.0.40219.1
Project("{9A19103F-16F7-4668-BE54-9A1E7A4F7556}") = "Banking Application", "Banking Application\Banking Application.csproj", "{668B4693-CF78-4808-A1E0-26A3138B210F}"
EndProject
Project("{2150E333-8FDC-42A3-9474-1A3956D46DE8}") = "Solution Items", "Solution Items", "{D3E714BD-4CEA-4E9C-9A7C-782308D58B56}"
	ProjectSection(SolutionItems) = preProject
		.editorconfig = .editorconfig
	EndProjectSection
EndProject
Global
	GlobalSection(SolutionConfigurationPlatforms) = preSolution
		Debug|Any CPU = Debug|Any CPU
		Release|Any CPU = Release|Any CPU
	EndGlobalSection
	GlobalSection(ProjectConfigurationPlatforms) = postSolution
		{668B4693-CF78-4808-A1E0-26A3138B210F}.Debug|Any CPU.ActiveCfg = Debug|Any CPU
		{668B4693-CF78-4808-A1E0-26A3138B210F}.Debug|Any CPU.Build.0 = Debug|Any CPU
		{668B4693-CF78-4808-A1E0-26A3138B210F}.Release|Any CPU.ActiveCfg = Release|Any CPU
		{668B4693-CF78-4808-A1E0-26A3138B210F}.Release|Any CPU.Build.0 = Release|Any CPU
	EndGlobalSection
	GlobalSection(SolutionProperties) = preSolution
		HideSolutionNode = FALSE
	EndGlobalSection
	GlobalSection(ExtensibilityGlobals) = postSolution
		SolutionGuid = {D06F54F4-E644-497F-BF97-DB3D71FCAAE1}
	EndGlobalSection
EndGlobal
